
Microsoft Visual Studio Solution File, Format Version 12.00
# Visual Studio Version 16
VisualStudioVersion = 16.0.31624.102
MinimumVisualStudioVersion = 10.0.40219.1
Project("{9A19103F-16F7-4668-BE54-9A1E7A4F7556}") = "Modul4HW6", "Modul4HW6\Modul4HW6.csproj", "{288D6FF2-3A8E-4E5D-B105-03FCA96E877C}"
EndProject
Project("{FAE04EC0-301F-11D3-BF4B-00C04F79EFBC}") = "Modul4HW6.DataAccess", "Modul4HW6.DataAccess\Modul4HW6.DataAccess.csproj", "{CD3AEA80-3DB0-4A60-B7D2-9722AEB34D2A}"
EndProject
Global
	GlobalSection(SolutionConfigurationPlatforms) = preSolution
		Debug|Any CPU = Debug|Any CPU
		Release|Any CPU = Release|Any CPU
	EndGlobalSection
	GlobalSection(ProjectConfigurationPlatforms) = postSolution
		{288D6FF2-3A8E-4E5D-B105-03FCA96E877C}.Debug|Any CPU.ActiveCfg = Debug|Any CPU
		{288D6FF2-3A8E-4E5D-B105-03FCA96E877C}.Debug|Any CPU.Build.0 = Debug|Any CPU
		{288D6FF2-3A8E-4E5D-B105-03FCA96E877C}.Release|Any CPU.ActiveCfg = Release|Any CPU
		{288D6FF2-3A8E-4E5D-B105-03FCA96E877C}.Release|Any CPU.Build.0 = Release|Any CPU
		{CD3AEA80-3DB0-4A60-B7D2-9722AEB34D2A}.Debug|Any CPU.ActiveCfg = Debug|Any CPU
		{CD3AEA80-3DB0-4A60-B7D2-9722AEB34D2A}.Debug|Any CPU.Build.0 = Debug|Any CPU
		{CD3AEA80-3DB0-4A60-B7D2-9722AEB34D2A}.Release|Any CPU.ActiveCfg = Release|Any CPU
		{CD3AEA80-3DB0-4A60-B7D2-9722AEB34D2A}.Release|Any CPU.Build.0 = Release|Any CPU
	EndGlobalSection
	GlobalSection(SolutionProperties) = preSolution
		HideSolutionNode = FALSE
	EndGlobalSection
	GlobalSection(ExtensibilityGlobals) = postSolution
		SolutionGuid = {7D533363-103B-49AE-BA44-169A22C73508}
	EndGlobalSection
EndGlobal
